
Microsoft Visual Studio Solution File, Format Version 12.00
# Visual Studio Version 17
VisualStudioVersion = 17.2.32602.215
MinimumVisualStudioVersion = 10.0.40219.1
Project("{FC1E59D4-0B2A-4406-8A33-6F437E7CA2F9}") = "VMWareTagTool", "VMWareTagTool.csproj", "{DA603578-CDE8-49B0-BAD2-805F0DA9EFE3}"
EndProject
Global
	GlobalSection(SolutionConfigurationPlatforms) = preSolution
		Debug|Any CPU = Debug|Any CPU
		Release|Any CPU = Release|Any CPU
	EndGlobalSection
	GlobalSection(ProjectConfigurationPlatforms) = postSolution
		{DA603578-CDE8-49B0-BAD2-805F0DA9EFE3}.Debug|Any CPU.ActiveCfg = Debug|Any CPU
		{DA603578-CDE8-49B0-BAD2-805F0DA9EFE3}.Debug|Any CPU.Build.0 = Debug|Any CPU
		{DA603578-CDE8-49B0-BAD2-805F0DA9EFE3}.Release|Any CPU.ActiveCfg = Release|Any CPU
		{DA603578-CDE8-49B0-BAD2-805F0DA9EFE3}.Release|Any CPU.Build.0 = Release|Any CPU
	EndGlobalSection
	GlobalSection(SolutionProperties) = preSolution
		HideSolutionNode = FALSE
	EndGlobalSection
	GlobalSection(ExtensibilityGlobals) = postSolution
		SolutionGuid = {99BD472B-E0B9-4628-8EB8-70E617DA2317}
	EndGlobalSection
EndGlobal
